<?xml version="1.0" encoding="utf-8"?>
<Project ToolsVersion="4.0" xmlns="http://schemas.microsoft.com/developer/msbuild/2003">
  <ItemGroup>
    <Filter Include="Form Files">
      <UniqueIdentifier>{99349809-55BA-4b9d-BF79-8FDBB0286EB3}</UniqueIdentifier>
      <Extensions>ui</Extensions>
    </Filter>
    <Filter Include="Factory">
      <UniqueIdentifier>{5d47bd7f-35c9-40dd-a4e4-dfe89a39864d}</UniqueIdentifier>
    </Filter>
    <Filter Include="implement">
      <UniqueIdentifier>{53b7cdcd-f7cd-4dbb-aa24-c7a5f626ce98}</UniqueIdentifier>
    </Filter>
    <Filter Include="Interface">
      <UniqueIdentifier>{b634f605-45eb-488c-b03c-b3ac192a85e7}</UniqueIdentifier>
    </Filter>
    <Filter Include="struct_data_type">
      <UniqueIdentifier>{34258c6d-10c4-40d6-b020-6aac6e0020c3}</UniqueIdentifier>
    </Filter>
    <Filter Include="implement\Win_API">
      <UniqueIdentifier>{2c090cac-fbf5-4a8b-ba7f-cf4c2786d78d}</UniqueIdentifier>
    </Filter>
    <Filter Include="process">
      <UniqueIdentifier>{5a72f4dc-1832-4ac9-8bad-4b844069f3ec}</UniqueIdentifier>
    </Filter>
    <Filter Include="new_scan_framework">
      <UniqueIdentifier>{be3babff-b893-4535-b69e-f6fd9467b6e6}</UniqueIdentifier>
    </Filter>
    <Filter Include="utils">
      <UniqueIdentifier>{68348cca-8353-406d-b91d-30c6838be448}</UniqueIdentifier>
    </Filter>
    <Filter Include="utils\language">
      <UniqueIdentifier>{df5421cc-bdc8-4c86-81cf-94791a3dba8b}</UniqueIdentifier>
    </Filter>
    <Filter Include="ui">
      <UniqueIdentifier>{ad09a0ea-786f-4116-b74b-28447b491f5a}</UniqueIdentifier>
    </Filter>
    <Filter Include="resource">
      <UniqueIdentifier>{61487d4e-6a09-48da-b7ae-6daae8ec4f0a}</UniqueIdentifier>
    </Filter>
  </ItemGroup>
  <ItemGroup>
    <QtMoc Include="scan\scan_result_view_model.h">
      <Filter>new_scan_framework</Filter>
    </QtMoc>
    <QtMoc Include="scan\scan_service.h">
      <Filter>new_scan_framework</Filter>
    </QtMoc>
    <QtMoc Include="language_translations\translator_manager.h">
      <Filter>utils\language</Filter>
    </QtMoc>
    <QtMoc Include="ViewModel\MainWindow.h">
      <Filter>Form Files</Filter>
    </QtMoc>
    <QtMoc Include="ViewModel\process_dialog.h">
      <Filter>Form Files</Filter>
    </QtMoc>
    <QtMoc Include="ViewModel\address_list_model.h">
      <Filter>Form Files</Filter>
    </QtMoc>
    <QtMoc Include="ViewModel\display_mode_delegate.h">
      <Filter>Form Files</Filter>
    </QtMoc>
    <QtMoc Include="ViewModel\type_delegate.h">
      <Filter>Form Files</Filter>
    </QtMoc>
  </ItemGroup>
  <ItemGroup>
    <ClCompile Include="Factory\memory_accessor_factory.cpp">
      <Filter>Factory</Filter>
    </ClCompile>
    <ClCompile Include="Factory\memory_region_enumerator_factory.cpp">
      <Filter>Factory</Filter>
    </ClCompile>
    <ClCompile Include="Factory\module_enumerator_factory.cpp">
      <Filter>Factory</Filter>
    </ClCompile>
    <ClCompile Include="Factory\process_enumerator_factory.cpp">
      <Filter>Factory</Filter>
    </ClCompile>
    <ClCompile Include="Implement\Win_API\win32_memory_accessor.cpp">
      <Filter>implement\Win_API</Filter>
    </ClCompile>
    <ClCompile Include="Implement\Win_API\win32_memory_region_enumerator.cpp">
      <Filter>implement\Win_API</Filter>
    </ClCompile>
    <ClCompile Include="Implement\Win_API\win32_module_enumerator.cpp">
      <Filter>implement\Win_API</Filter>
    </ClCompile>
    <ClCompile Include="Implement\Win_API\win32_process_enumerator.cpp">
      <Filter>implement\Win_API</Filter>
    </ClCompile>
    <ClCompile Include="main.cpp" />
    <ClCompile Include="scan\scan_engine.cpp">
      <Filter>new_scan_framework</Filter>
    </ClCompile>
    <ClCompile Include="scan\scan_result_repository.cpp">
      <Filter>new_scan_framework</Filter>
    </ClCompile>
    <ClCompile Include="scan\scan_result_view_model.cpp">
      <Filter>new_scan_framework</Filter>
    </ClCompile>
    <ClCompile Include="scan\scan_service.cpp">
      <Filter>new_scan_framework</Filter>
    </ClCompile>
    <ClCompile Include="language_translations\translator_manager.cpp">
      <Filter>utils\language</Filter>
    </ClCompile>
    <ClCompile Include="scan\scan_data_provider.cpp">
      <Filter>new_scan_framework</Filter>
    </ClCompile>
    <ClCompile Include="process\process_manager.cpp">
      <Filter>process</Filter>
    </ClCompile>
    <ClCompile Include="process\process_memory_snapshot_manager.cpp">
      <Filter>process</Filter>
    </ClCompile>
    <ClCompile Include="Factory\process_memory_snapshot_factory.cpp">
      <Filter>Factory</Filter>
    </ClCompile>
    <ClCompile Include="Implement\Win_API\win32_process_memory_snapshot.cpp">
      <Filter>implement\Win_API</Filter>
    </ClCompile>
    <ClCompile Include="ViewModel\address_list_model.cpp">
      <Filter>Form Files</Filter>
    </ClCompile>
    <ClCompile Include="ViewModel\MainWindow.cpp">
      <Filter>Form Files</Filter>
    </ClCompile>
    <ClCompile Include="ViewModel\process_dialog.cpp">
      <Filter>Form Files</Filter>
    </ClCompile>
    <ClCompile Include="ViewModel\display_mode_delegate.cpp">
      <Filter>Form Files</Filter>
    </ClCompile>
    <ClCompile Include="ViewModel\type_delegate.cpp">
      <Filter>Form Files</Filter>
    </ClCompile>
  </ItemGroup>
  <ItemGroup>
    <ClInclude Include="type_define\address_item.h">
      <Filter>struct_data_type</Filter>
    </ClInclude>
    <ClInclude Include="type_define\memory_region.h">
      <Filter>struct_data_type</Filter>
    </ClInclude>
    <ClInclude Include="type_define\module_info.h">
      <Filter>struct_data_type</Filter>
    </ClInclude>
    <ClInclude Include="type_define\process_info.h">
      <Filter>struct_data_type</Filter>
    </ClInclude>
    <ClInclude Include="interface\imemory_accessor.h">
      <Filter>Interface</Filter>
    </ClInclude>
    <ClInclude Include="interface\imemory_region_enumerator.h">
      <Filter>Interface</Filter>
    </ClInclude>
    <ClInclude Include="interface\imodule_enumerator.h">
      <Filter>Interface</Filter>
    </ClInclude>
    <ClInclude Include="interface\iprocess_enumerator.h">
      <Filter>Interface</Filter>
    </ClInclude>
    <ClInclude Include="Factory\memory_accessor_factory.h">
      <Filter>Factory</Filter>
    </ClInclude>
    <ClInclude Include="Factory\memory_region_enumerator_factory.h">
      <Filter>Factory</Filter>
    </ClInclude>
    <ClInclude Include="Factory\module_enumerator_factory.h">
      <Filter>Factory</Filter>
    </ClInclude>
    <ClInclude Include="Factory\process_enumerator_factory.h">
      <Filter>Factory</Filter>
    </ClInclude>
    <ClInclude Include="Implement\Win_API\win32_memory_accessor.h">
      <Filter>implement\Win_API</Filter>
    </ClInclude>
    <ClInclude Include="Implement\Win_API\win32_memory_region_enumerator.h">
      <Filter>implement\Win_API</Filter>
    </ClInclude>
    <ClInclude Include="Implement\Win_API\win32_module_enumerator.h">
      <Filter>implement\Win_API</Filter>
    </ClInclude>
    <ClInclude Include="Implement\Win_API\win32_process_enumerator.h">
      <Filter>implement\Win_API</Filter>
    </ClInclude>
    <ClInclude Include="scan\scan_engine.h">
      <Filter>new_scan_framework</Filter>
    </ClInclude>
    <ClInclude Include="scan\scan_result_repository.h">
      <Filter>new_scan_framework</Filter>
    </ClInclude>
    <ClInclude Include="utils\adaptive_cache.h">
      <Filter>utils</Filter>
    </ClInclude>
    <ClInclude Include="utils\TempPathManager.h">
      <Filter>utils</Filter>
    </ClInclude>
    <ClInclude Include="utils\thread_pool.h">
      <Filter>utils</Filter>
    </ClInclude>
    <ClInclude Include="scan\scan_simd_accelerate.h">
      <Filter>new_scan_framework</Filter>
    </ClInclude>
    <ClInclude Include="scan\scan_data_stream_define.h">
      <Filter>new_scan_framework</Filter>
    </ClInclude>
    <ClInclude Include="scan\scan_data_provider.h">
      <Filter>new_scan_framework</Filter>
    </ClInclude>
    <ClInclude Include="utils\encoding_formatter.h">
      <Filter>utils</Filter>
    </ClInclude>
    <ClInclude Include="process\process_manager.h">
      <Filter>process</Filter>
    </ClInclude>
    <ClInclude Include="process\process_memory_snapshot_manager.h">
      <Filter>process</Filter>
    </ClInclude>
    <ClInclude Include="Factory\process_memory_snapshot_factory.h">
      <Filter>Factory</Filter>
    </ClInclude>
    <ClInclude Include="interface\iscan_value_provider.h">
      <Filter>Interface</Filter>
    </ClInclude>
    <ClInclude Include="interface\iprocess_memory_snapshot.h">
      <Filter>Interface</Filter>
    </ClInclude>
    <ClInclude Include="Implement\Win_API\win32_process_memory_snapshot.h">
      <Filter>implement\Win_API</Filter>
    </ClInclude>
    <ClInclude Include="interface\IAddressSpace.h">
      <Filter>Interface</Filter>
    </ClInclude>
    <ClInclude Include="interface\IDriverLoader.h">
      <Filter>Interface</Filter>
    </ClInclude>
    <ClInclude Include="interface\IKernelObjectManager.h">
      <Filter>Interface</Filter>
    </ClInclude>
  </ItemGroup>
  <ItemGroup>
    <QtTranslation Include="language_translations\Translation_en.ts">
      <Filter>utils\language</Filter>
    </QtTranslation>
  </ItemGroup>
  <ItemGroup>
    <QtUic Include="ui\CheatEngine_With_Qt.ui">
      <Filter>ui</Filter>
    </QtUic>
    <QtUic Include="ui\Add_Or_Change_Address.ui">
      <Filter>ui</Filter>
    </QtUic>
    <QtUic Include="ui\About.ui">
      <Filter>ui</Filter>
    </QtUic>
  </ItemGroup>
  <ItemGroup>
    <Image Include="resource\AliPay.JPG">
      <Filter>resource</Filter>
    </Image>
    <Image Include="resource\Deemo_Yuan.JPG">
      <Filter>resource</Filter>
    </Image>
    <Image Include="resource\WeChatPay.JPG">
      <Filter>resource</Filter>
    </Image>
  </ItemGroup>
  <ItemGroup>
    <QtRcc Include="resource\resources.qrc">
      <Filter>resource</Filter>
    </QtRcc>
  </ItemGroup>
</Project>